# This file is automatically @generated by Poetry 1.4.0 and should not be changed by hand.

[[package]]
name = "rel"
version = "0.4.8"
description = "Registered Event Listener. Provides standard (pyevent) interface and functionality without external dependencies"
category = "main"
optional = false
python-versions = "*"
files = [
    {file = "rel-0.4.8-py2.py3-none-any.whl", hash = "sha256:f218e4625fdb81341d822f0eaaf044f6992201f321ced8c5324702f34f550d33"},
]

[[package]]
name = "websocket-client"
version = "1.5.1"
description = "WebSocket client for Python with low level API options"
category = "main"
optional = false
python-versions = ">=3.7"
files = [
    {file = "websocket-client-1.5.1.tar.gz", hash = "sha256:3f09e6d8230892547132177f575a4e3e73cfdf06526e20cc02aa1c3b47184d40"},
    {file = "websocket_client-1.5.1-py3-none-any.whl", hash = "sha256:cdf5877568b7e83aa7cf2244ab56a3213de587bbe0ce9d8b9600fc77b455d89e"},
]

[package.extras]
docs = ["Sphinx (>=3.4)", "sphinx-rtd-theme (>=0.5)"]
optional = ["python-socks", "wsaccel"]
test = ["websockets"]

[metadata]
lock-version = "2.0"
python-versions = "^3.10"
content-hash = "e10796675a061668f9c9267ca0bbfa57ba34e1c6197a2f372fcb794397ad9655"
